
Microsoft Visual Studio Solution File, Format Version 12.00
# Visual Studio Version 17
VisualStudioVersion = 17.0.31903.59
MinimumVisualStudioVersion = 10.0.40219.1
Project("{9A19103F-16F7-4668-BE54-9A1E7A4F7556}") = "ExchangeRates.BackEndApi", "ExchangeRates.BackEndApi\ExchangeRates.BackEndApi.csproj", "{980682D7-BE84-4F4C-BEA0-C2E417F7C84C}"
EndProject
Project("{9A19103F-16F7-4668-BE54-9A1E7A4F7556}") = "ExchangeRates.Extensions", "ExchangeRates.Extensions\ExchangeRates.Extensions.csproj", "{87DC5E23-38A6-479F-8B31-FCDFDC5319A7}"
EndProject
Project("{FAE04EC0-301F-11D3-BF4B-00C04F79EFBC}") = "ExchangeRates.WpfClient", "ExchangeRates.WpfClient\ExchangeRates.WpfClient.csproj", "{60AC107B-738E-4272-B0C6-BC07AD6D7D56}"
EndProject
Global
	GlobalSection(SolutionConfigurationPlatforms) = preSolution
		Debug|Any CPU = Debug|Any CPU
		Debug|x64 = Debug|x64
		Debug|x86 = Debug|x86
		Release|Any CPU = Release|Any CPU
		Release|x64 = Release|x64
		Release|x86 = Release|x86
	EndGlobalSection
	GlobalSection(ProjectConfigurationPlatforms) = postSolution
		{980682D7-BE84-4F4C-BEA0-C2E417F7C84C}.Debug|Any CPU.ActiveCfg = Debug|Any CPU
		{980682D7-BE84-4F4C-BEA0-C2E417F7C84C}.Debug|Any CPU.Build.0 = Debug|Any CPU
		{980682D7-BE84-4F4C-BEA0-C2E417F7C84C}.Debug|x64.ActiveCfg = Debug|Any CPU
		{980682D7-BE84-4F4C-BEA0-C2E417F7C84C}.Debug|x64.Build.0 = Debug|Any CPU
		{980682D7-BE84-4F4C-BEA0-C2E417F7C84C}.Debug|x86.ActiveCfg = Debug|Any CPU
		{980682D7-BE84-4F4C-BEA0-C2E417F7C84C}.Debug|x86.Build.0 = Debug|Any CPU
		{980682D7-BE84-4F4C-BEA0-C2E417F7C84C}.Release|Any CPU.ActiveCfg = Release|Any CPU
		{980682D7-BE84-4F4C-BEA0-C2E417F7C84C}.Release|Any CPU.Build.0 = Release|Any CPU
		{980682D7-BE84-4F4C-BEA0-C2E417F7C84C}.Release|x64.ActiveCfg = Release|Any CPU
		{980682D7-BE84-4F4C-BEA0-C2E417F7C84C}.Release|x64.Build.0 = Release|Any CPU
		{980682D7-BE84-4F4C-BEA0-C2E417F7C84C}.Release|x86.ActiveCfg = Release|Any CPU
		{980682D7-BE84-4F4C-BEA0-C2E417F7C84C}.Release|x86.Build.0 = Release|Any CPU
		{87DC5E23-38A6-479F-8B31-FCDFDC5319A7}.Debug|Any CPU.ActiveCfg = Debug|Any CPU
		{87DC5E23-38A6-479F-8B31-FCDFDC5319A7}.Debug|Any CPU.Build.0 = Debug|Any CPU
		{87DC5E23-38A6-479F-8B31-FCDFDC5319A7}.Debug|x64.ActiveCfg = Debug|Any CPU
		{87DC5E23-38A6-479F-8B31-FCDFDC5319A7}.Debug|x64.Build.0 = Debug|Any CPU
		{87DC5E23-38A6-479F-8B31-FCDFDC5319A7}.Debug|x86.ActiveCfg = Debug|Any CPU
		{87DC5E23-38A6-479F-8B31-FCDFDC5319A7}.Debug|x86.Build.0 = Debug|Any CPU
		{87DC5E23-38A6-479F-8B31-FCDFDC5319A7}.Release|Any CPU.ActiveCfg = Release|Any CPU
		{87DC5E23-38A6-479F-8B31-FCDFDC5319A7}.Release|Any CPU.Build.0 = Release|Any CPU
		{87DC5E23-38A6-479F-8B31-FCDFDC5319A7}.Release|x64.ActiveCfg = Release|Any CPU
		{87DC5E23-38A6-479F-8B31-FCDFDC5319A7}.Release|x64.Build.0 = Release|Any CPU
		{87DC5E23-38A6-479F-8B31-FCDFDC5319A7}.Release|x86.ActiveCfg = Release|Any CPU
		{87DC5E23-38A6-479F-8B31-FCDFDC5319A7}.Release|x86.Build.0 = Release|Any CPU
		{60AC107B-738E-4272-B0C6-BC07AD6D7D56}.Debug|Any CPU.ActiveCfg = Debug|Any CPU
		{60AC107B-738E-4272-B0C6-BC07AD6D7D56}.Debug|Any CPU.Build.0 = Debug|Any CPU
		{60AC107B-738E-4272-B0C6-BC07AD6D7D56}.Debug|x64.ActiveCfg = Debug|Any CPU
		{60AC107B-738E-4272-B0C6-BC07AD6D7D56}.Debug|x64.Build.0 = Debug|Any CPU
		{60AC107B-738E-4272-B0C6-BC07AD6D7D56}.Debug|x86.ActiveCfg = Debug|Any CPU
		{60AC107B-738E-4272-B0C6-BC07AD6D7D56}.Debug|x86.Build.0 = Debug|Any CPU
		{60AC107B-738E-4272-B0C6-BC07AD6D7D56}.Release|Any CPU.ActiveCfg = Release|Any CPU
		{60AC107B-738E-4272-B0C6-BC07AD6D7D56}.Release|Any CPU.Build.0 = Release|Any CPU
		{60AC107B-738E-4272-B0C6-BC07AD6D7D56}.Release|x64.ActiveCfg = Release|Any CPU
		{60AC107B-738E-4272-B0C6-BC07AD6D7D56}.Release|x64.Build.0 = Release|Any CPU
		{60AC107B-738E-4272-B0C6-BC07AD6D7D56}.Release|x86.ActiveCfg = Release|Any CPU
		{60AC107B-738E-4272-B0C6-BC07AD6D7D56}.Release|x86.Build.0 = Release|Any CPU
	EndGlobalSection
	GlobalSection(SolutionProperties) = preSolution
		HideSolutionNode = FALSE
	EndGlobalSection
	GlobalSection(ExtensibilityGlobals) = postSolution
		SolutionGuid = {C36C37F8-A459-4425-9D37-CB7A1CBCF08A}
	EndGlobalSection
EndGlobal
